
Microsoft Visual Studio Solution File, Format Version 12.00
# Visual Studio Version 17
VisualStudioVersion = 17.10.35013.160
MinimumVisualStudioVersion = 10.0.40219.1
Project("{2150E333-8FDC-42A3-9474-1A3956D46DE8}") = "API", "API", "{EBAAEEF1-C428-4BDE-87FC-9F34AD47DB62}"
EndProject
Project("{9A19103F-16F7-4668-BE54-9A1E7A4F7556}") = "TronWalletApi", "TronWalletApi\TronWalletApi.csproj", "{D9F2D6A0-45EA-45A5-84B6-E6D039513D76}"
EndProject
Project("{9A19103F-16F7-4668-BE54-9A1E7A4F7556}") = "Business", "Businnes\Business.csproj", "{132967E0-FF0F-4FC7-8416-C3391004DB5A}"
EndProject
Project("{9A19103F-16F7-4668-BE54-9A1E7A4F7556}") = "ETHWalletApi", "ETHWalletApi\ETHWalletApi.csproj", "{695D6CD1-6426-44DA-9AB2-CB5F887E871A}"
EndProject
Project("{9A19103F-16F7-4668-BE54-9A1E7A4F7556}") = "Entities", "Entities\Entities.csproj", "{9FBF4C3E-42E4-42B7-95EF-118390F34263}"
EndProject
Project("{9A19103F-16F7-4668-BE54-9A1E7A4F7556}") = "DataAccessLayer", "DataAccessLayer\DataAccessLayer.csproj", "{D246AF4A-2E98-47A3-9959-3589947EEC3B}"
EndProject
Project("{9A19103F-16F7-4668-BE54-9A1E7A4F7556}") = "WalletsApi", "WalletsApi\WalletsApi.csproj", "{37B895AB-C569-4CFA-AB79-780FA67E9EBB}"
EndProject
Project("{FAE04EC0-301F-11D3-BF4B-00C04F79EFBC}") = "SolanaWalletApi", "SolanaWalletApi\SolanaWalletApi.csproj", "{1D849F4B-F3C3-4E25-ABCA-17F162023D4E}"
EndProject
Global
	GlobalSection(SolutionConfigurationPlatforms) = preSolution
		Debug|Any CPU = Debug|Any CPU
		Release|Any CPU = Release|Any CPU
	EndGlobalSection
	GlobalSection(ProjectConfigurationPlatforms) = postSolution
		{D9F2D6A0-45EA-45A5-84B6-E6D039513D76}.Debug|Any CPU.ActiveCfg = Debug|Any CPU
		{D9F2D6A0-45EA-45A5-84B6-E6D039513D76}.Debug|Any CPU.Build.0 = Debug|Any CPU
		{D9F2D6A0-45EA-45A5-84B6-E6D039513D76}.Release|Any CPU.ActiveCfg = Release|Any CPU
		{D9F2D6A0-45EA-45A5-84B6-E6D039513D76}.Release|Any CPU.Build.0 = Release|Any CPU
		{132967E0-FF0F-4FC7-8416-C3391004DB5A}.Debug|Any CPU.ActiveCfg = Debug|Any CPU
		{132967E0-FF0F-4FC7-8416-C3391004DB5A}.Debug|Any CPU.Build.0 = Debug|Any CPU
		{132967E0-FF0F-4FC7-8416-C3391004DB5A}.Release|Any CPU.ActiveCfg = Release|Any CPU
		{132967E0-FF0F-4FC7-8416-C3391004DB5A}.Release|Any CPU.Build.0 = Release|Any CPU
		{695D6CD1-6426-44DA-9AB2-CB5F887E871A}.Debug|Any CPU.ActiveCfg = Debug|Any CPU
		{695D6CD1-6426-44DA-9AB2-CB5F887E871A}.Debug|Any CPU.Build.0 = Debug|Any CPU
		{695D6CD1-6426-44DA-9AB2-CB5F887E871A}.Release|Any CPU.ActiveCfg = Release|Any CPU
		{695D6CD1-6426-44DA-9AB2-CB5F887E871A}.Release|Any CPU.Build.0 = Release|Any CPU
		{9FBF4C3E-42E4-42B7-95EF-118390F34263}.Debug|Any CPU.ActiveCfg = Debug|Any CPU
		{9FBF4C3E-42E4-42B7-95EF-118390F34263}.Debug|Any CPU.Build.0 = Debug|Any CPU
		{9FBF4C3E-42E4-42B7-95EF-118390F34263}.Release|Any CPU.ActiveCfg = Release|Any CPU
		{9FBF4C3E-42E4-42B7-95EF-118390F34263}.Release|Any CPU.Build.0 = Release|Any CPU
		{D246AF4A-2E98-47A3-9959-3589947EEC3B}.Debug|Any CPU.ActiveCfg = Debug|Any CPU
		{D246AF4A-2E98-47A3-9959-3589947EEC3B}.Debug|Any CPU.Build.0 = Debug|Any CPU
		{D246AF4A-2E98-47A3-9959-3589947EEC3B}.Release|Any CPU.ActiveCfg = Release|Any CPU
		{D246AF4A-2E98-47A3-9959-3589947EEC3B}.Release|Any CPU.Build.0 = Release|Any CPU
		{37B895AB-C569-4CFA-AB79-780FA67E9EBB}.Debug|Any CPU.ActiveCfg = Debug|Any CPU
		{37B895AB-C569-4CFA-AB79-780FA67E9EBB}.Debug|Any CPU.Build.0 = Debug|Any CPU
		{37B895AB-C569-4CFA-AB79-780FA67E9EBB}.Release|Any CPU.ActiveCfg = Release|Any CPU
		{37B895AB-C569-4CFA-AB79-780FA67E9EBB}.Release|Any CPU.Build.0 = Release|Any CPU
		{1D849F4B-F3C3-4E25-ABCA-17F162023D4E}.Debug|Any CPU.ActiveCfg = Debug|Any CPU
		{1D849F4B-F3C3-4E25-ABCA-17F162023D4E}.Debug|Any CPU.Build.0 = Debug|Any CPU
		{1D849F4B-F3C3-4E25-ABCA-17F162023D4E}.Release|Any CPU.ActiveCfg = Release|Any CPU
		{1D849F4B-F3C3-4E25-ABCA-17F162023D4E}.Release|Any CPU.Build.0 = Release|Any CPU
	EndGlobalSection
	GlobalSection(SolutionProperties) = preSolution
		HideSolutionNode = FALSE
	EndGlobalSection
	GlobalSection(NestedProjects) = preSolution
		{D9F2D6A0-45EA-45A5-84B6-E6D039513D76} = {EBAAEEF1-C428-4BDE-87FC-9F34AD47DB62}
		{695D6CD1-6426-44DA-9AB2-CB5F887E871A} = {EBAAEEF1-C428-4BDE-87FC-9F34AD47DB62}
		{37B895AB-C569-4CFA-AB79-780FA67E9EBB} = {EBAAEEF1-C428-4BDE-87FC-9F34AD47DB62}
		{1D849F4B-F3C3-4E25-ABCA-17F162023D4E} = {EBAAEEF1-C428-4BDE-87FC-9F34AD47DB62}
	EndGlobalSection
	GlobalSection(ExtensibilityGlobals) = postSolution
		SolutionGuid = {13AA203E-53EC-48CA-BCF2-FBBDD3CD2FF4}
	EndGlobalSection
EndGlobal
